
Microsoft Visual Studio Solution File, Format Version 12.00
# Visual Studio Version 16
VisualStudioVersion = 16.0.31205.134
MinimumVisualStudioVersion = 10.0.40219.1
Project("{FAE04EC0-301F-11D3-BF4B-00C04F79EFBC}") = "csharp-design-patterns-project", "csharp-design-patterns-project.csproj", "{70D36DCD-EC56-404F-821B-679DB19107E5}"
EndProject
Global
	GlobalSection(SolutionConfigurationPlatforms) = preSolution
		Debug|Any CPU = Debug|Any CPU
		Release|Any CPU = Release|Any CPU
	EndGlobalSection
	GlobalSection(ProjectConfigurationPlatforms) = postSolution
		{70D36DCD-EC56-404F-821B-679DB19107E5}.Debug|Any CPU.ActiveCfg = Debug|Any CPU
		{70D36DCD-EC56-404F-821B-679DB19107E5}.Debug|Any CPU.Build.0 = Debug|Any CPU
		{70D36DCD-EC56-404F-821B-679DB19107E5}.Release|Any CPU.ActiveCfg = Release|Any CPU
		{70D36DCD-EC56-404F-821B-679DB19107E5}.Release|Any CPU.Build.0 = Release|Any CPU
	EndGlobalSection
	GlobalSection(SolutionProperties) = preSolution
		HideSolutionNode = FALSE
	EndGlobalSection
	GlobalSection(ExtensibilityGlobals) = postSolution
		SolutionGuid = {7E1BB342-D51C-4607-BF61-7D47D23203C3}
	EndGlobalSection
EndGlobal
